
Microsoft Visual Studio Solution File, Format Version 12.00
# Visual Studio Version 17
VisualStudioVersion = 17.4.33213.308
MinimumVisualStudioVersion = 10.0.40219.1
Project("{FAE04EC0-301F-11D3-BF4B-00C04F79EFBC}") = "carweb", "carweb\carweb.csproj", "{6BFF3609-DB72-4C91-808C-1ADF3D26DD7D}"
EndProject
Global
	GlobalSection(SolutionConfigurationPlatforms) = preSolution
		Debug|Any CPU = Debug|Any CPU
		Release|Any CPU = Release|Any CPU
	EndGlobalSection
	GlobalSection(ProjectConfigurationPlatforms) = postSolution
		{6BFF3609-DB72-4C91-808C-1ADF3D26DD7D}.Debug|Any CPU.ActiveCfg = Debug|Any CPU
		{6BFF3609-DB72-4C91-808C-1ADF3D26DD7D}.Debug|Any CPU.Build.0 = Debug|Any CPU
		{6BFF3609-DB72-4C91-808C-1ADF3D26DD7D}.Release|Any CPU.ActiveCfg = Release|Any CPU
		{6BFF3609-DB72-4C91-808C-1ADF3D26DD7D}.Release|Any CPU.Build.0 = Release|Any CPU
	EndGlobalSection
	GlobalSection(SolutionProperties) = preSolution
		HideSolutionNode = FALSE
	EndGlobalSection
	GlobalSection(ExtensibilityGlobals) = postSolution
		SolutionGuid = {C163A63A-E7CA-441F-A44A-D58DEB8EF0C9}
	EndGlobalSection
EndGlobal
